github.com/buger/jsonparser v1.0.0 h1:etJTGF5ESxjI0Ic2UaLQs2LQQpa8G9ykQScukbh4L8A=
github.com/buger/jsonparser v1.0.0/go.mod h1:tgcrVJ81GPSF0mz+0nu1Xaz0fazGPrmmJfJtxjbHhUQ=
github.com/filmlaunchus/gqlserver/datastores v0.0.0-20200819002832-0492fbb02526 h1:Q97EtQDdk4x9W9rl0j/S1FW80V98dAI9mGev7NpOZX4=
github.com/filmlaunchus/gqlserver/datastores v0.0.0-20200819002832-0492fbb02526/go.mod h1:yBMCgzX/EeYXB5dDcHOTueYdhi6nXKZtA7cRADzSwPU=
github.com/filmlaunchus/gqlserver/datastores v0.0.0-20200819012310-4e162a63d0aa h1:UNI3v32AYWkQitH2l07NIut7Hwg1OH5oZTmTRoYMpPg=
github.com/filmlaunchus/gqlserver/datastores v0.0.0-20200819012310-4e162a63d0aa/go.mod h1:yBMCgzX/EeYXB5dDcHOTueYdhi6nXKZtA7cRADzSwPU=
github.com/filmlaunchus/gqlserver/gql v0.0.0-20200819002832-0492fbb02526 h1:nEBnJa+xKCDPxu5pN1R9OHAHkllxVGA23Zbf0W1/u38=
github.com/filmlaunchus/gqlserver/gql v0.0.0-20200819002832-0492fbb02526/go.mod h1:MvUhTNIGYKwygvR413U5Nc680Er6gKwm8O44ZyK18Cg=
github.com/filmlaunchus/gqlserver/gql v0.0.0-20200819012310-4e162a63d0aa h1:qPDOOMSEZdGl/E+rdbTqldqXakBeKayIAQx5bl3IacQ=
github.com/filmlaunchus/gqlserver/gql v0.0.0-20200819012310-4e162a63d0aa/go.mod h1:MvUhTNIGYKwygvR413U5Nc680Er6gKwm8O44ZyK18Cg=
github.com/filmlaunchus/gqlserver/server v0.0.0-20200819010646-bf51cb5cc2ea h1:7Kdfcmaw/EW6MbAQaj4BWB2P7KMrF2BNfTHSYomav+A=
github.com/filmlaunchus/gqlserver/server v0.0.0-20200819010646-bf51cb5cc2ea/go.mod h1:n0bxnTeZ6jXJE4wpfs7imx3eYsv24VrwpdxrQUc7CIs=
github.com/filmlaunchus/gqlserver/server v0.0.0-20200819012310-4e162a63d0aa h1:dgSHeasKQZwfoHWCU7IrDjP1ph5BnhDQkx3x26bV8L8=
github.com/filmlaunchus/gqlserver/server v0.0.0-20200819012310-4e162a63d0aa/go.mod h1:SkOhDT9C1LgTvMxfv4mHo0bKbysuc0qQ26vvsg9D7k0=
github.com/filmlaunchus/gqlserver/utils v0.0.0-20200819012310-4e162a63d0aa h1:a7FoQhoNKRW1Iv7zA05X4F13hBPW2+RAtydyxivgQhw=
github.com/filmlaunchus/gqlserver/utils v0.0.0-20200819012310-4e162a63d0aa/go.mod h1:So6v0b0gF/bv2o4QxupMDDckSKlAdmmpuad/eRX46Ms=
github.com/gorilla/mux v1.7.4 h1:VuZ8uybHlWmqV03+zRzdwKL4tUnIp1MAQtp1mIFE1bc=
github.com/gorilla/mux v1.7.4/go.mod h1:DVbg23sWSpFRCP0SfiEN6jmj59UnW/n46BH5rLB71So=
github.com/graphql-go/graphql v0.7.9 h1:5Va/Rt4l5g3YjwDnid3vFfn43faaQBq7rMcIZ0VnV34=
github.com/graphql-go/graphql v0.7.9/go.mod h1:k6yrAYQaSP59DC5UVxbgxESlmVyojThKdORUqGDGmrI=
github.com/rs/xid v1.2.1 h1:mhH9Nq+C1fY2l1XIpgxIiUOfNpRBYH1kKcr+qfKgjRc=
github.com/rs/xid v1.2.1/go.mod h1:+uKXf+4Djp6Md1KODXJxgGQPKngRmWyn10oCKFzNHOQ=
