github.com/buger/jsonparser v1.0.0 h1:etJTGF5ESxjI0Ic2UaLQs2LQQpa8G9ykQScukbh4L8A=
github.com/buger/jsonparser v1.0.0/go.mod h1:tgcrVJ81GPSF0mz+0nu1Xaz0fazGPrmmJfJtxjbHhUQ=
github.com/filmlaunchus/gqlserver v0.0.0-20200819022312-ef929bff12dd/go.mod h1:x47MlBs1dp1bNyX4H9HgHzBrTVAs1mtOrGy9h+5EWIY=
github.com/filmlaunchus/gqlserver v0.0.0-20200819030952-552d29eb3f3a/go.mod h1:xfMZVw6clI17Jz9xIKVhQ1yUkffkOrFrTlHL21eFGSg=
github.com/filmlaunchus/gqlserver/datastores v0.0.0-20200819010646-bf51cb5cc2ea/go.mod h1:fCGiWf36OJUdrKOm7dtmvhLTMLdXE1L/oDS2Nvv/3Xw=
github.com/filmlaunchus/gqlserver/datastores v0.0.0-20200819015848-8c69ec922f9f h1:1B/mL0VyGwlpdh5yT3vsV1L4loTAJYQR70QzmYTNGoY=
github.com/filmlaunchus/gqlserver/datastores v0.0.0-20200819015848-8c69ec922f9f/go.mod h1:fCGiWf36OJUdrKOm7dtmvhLTMLdXE1L/oDS2Nvv/3Xw=
github.com/filmlaunchus/gqlserver/gql v0.0.0-20200819010646-bf51cb5cc2ea/go.mod h1:MvUhTNIGYKwygvR413U5Nc680Er6gKwm8O44ZyK18Cg=
github.com/filmlaunchus/gqlserver/gql v0.0.0-20200819015848-8c69ec922f9f h1:4EYFvtAK47wQVvk7JOWt8tJqrFf/dT8AzD4+uBedcBo=
github.com/filmlaunchus/gqlserver/gql v0.0.0-20200819015848-8c69ec922f9f/go.mod h1:McQF3FsTX4ciJzn9P6Fc+gGUi3JVjb7Cer3w8W3tajQ=
github.com/filmlaunchus/gqlserver/server v0.0.0-20200819015848-8c69ec922f9f h1:/GIIuvU1A/MZ6DeosobflQlJFqgL3EhDVACHd691LAI=
github.com/filmlaunchus/gqlserver/server v0.0.0-20200819015848-8c69ec922f9f/go.mod h1:bID1zAGhux9nbNzP0Wn4rVCvrmhJzsFZOxYiDd68KK8=
github.com/filmlaunchus/gqlserver/utils v0.0.0-20200819012310-4e162a63d0aa/go.mod h1:So6v0b0gF/bv2o4QxupMDDckSKlAdmmpuad/eRX46Ms=
github.com/filmlaunchus/gqlserver/utils v0.0.0-20200819015848-8c69ec922f9f h1:pRqertmE0jilYvuXQuhWayedpj5eTR6WINPZmkByNE0=
github.com/filmlaunchus/gqlserver/utils v0.0.0-20200819015848-8c69ec922f9f/go.mod h1:So6v0b0gF/bv2o4QxupMDDckSKlAdmmpuad/eRX46Ms=
github.com/gorilla/mux v1.7.4 h1:VuZ8uybHlWmqV03+zRzdwKL4tUnIp1MAQtp1mIFE1bc=
github.com/gorilla/mux v1.7.4/go.mod h1:DVbg23sWSpFRCP0SfiEN6jmj59UnW/n46BH5rLB71So=
github.com/graphql-go/graphql v0.7.9 h1:5Va/Rt4l5g3YjwDnid3vFfn43faaQBq7rMcIZ0VnV34=
github.com/graphql-go/graphql v0.7.9/go.mod h1:k6yrAYQaSP59DC5UVxbgxESlmVyojThKdORUqGDGmrI=
github.com/rs/xid v1.2.1 h1:mhH9Nq+C1fY2l1XIpgxIiUOfNpRBYH1kKcr+qfKgjRc=
github.com/rs/xid v1.2.1/go.mod h1:+uKXf+4Djp6Md1KODXJxgGQPKngRmWyn10oCKFzNHOQ=
